
Microsoft Visual Studio Solution File, Format Version 12.00
# Visual Studio Version 17
VisualStudioVersion = 17.10.35027.167
MinimumVisualStudioVersion = 10.0.40219.1
Project("{FAE04EC0-301F-11D3-BF4B-00C04F79EFBC}") = "Library_Apı_Sysytem", "Library_Apı_Sysytem.csproj", "{81CBE5F3-C2A3-4270-99C6-40DA9EF9DA21}"
EndProject
Global
	GlobalSection(SolutionConfigurationPlatforms) = preSolution
		Debug|Any CPU = Debug|Any CPU
		Release|Any CPU = Release|Any CPU
	EndGlobalSection
	GlobalSection(ProjectConfigurationPlatforms) = postSolution
		{81CBE5F3-C2A3-4270-99C6-40DA9EF9DA21}.Debug|Any CPU.ActiveCfg = Debug|Any CPU
		{81CBE5F3-C2A3-4270-99C6-40DA9EF9DA21}.Debug|Any CPU.Build.0 = Debug|Any CPU
		{81CBE5F3-C2A3-4270-99C6-40DA9EF9DA21}.Release|Any CPU.ActiveCfg = Release|Any CPU
		{81CBE5F3-C2A3-4270-99C6-40DA9EF9DA21}.Release|Any CPU.Build.0 = Release|Any CPU
	EndGlobalSection
	GlobalSection(SolutionProperties) = preSolution
		HideSolutionNode = FALSE
	EndGlobalSection
	GlobalSection(ExtensibilityGlobals) = postSolution
		SolutionGuid = {996D9438-6D79-4895-A6DF-70D4DDD26624}
	EndGlobalSection
EndGlobal
